
Microsoft Visual Studio Solution File, Format Version 12.00
# Visual Studio Version 17
VisualStudioVersion = 17.11.35219.272
MinimumVisualStudioVersion = 10.0.40219.1
Project("{FAE04EC0-301F-11D3-BF4B-00C04F79EFBC}") = "HW_Week4_2", "HW_Week4_2\HW_Week4_2.csproj", "{DC340ABB-26BB-4C1E-B1D8-1FE57E21A739}"
EndProject
Global
	GlobalSection(SolutionConfigurationPlatforms) = preSolution
		Debug|Any CPU = Debug|Any CPU
		Release|Any CPU = Release|Any CPU
	EndGlobalSection
	GlobalSection(ProjectConfigurationPlatforms) = postSolution
		{DC340ABB-26BB-4C1E-B1D8-1FE57E21A739}.Debug|Any CPU.ActiveCfg = Debug|Any CPU
		{DC340ABB-26BB-4C1E-B1D8-1FE57E21A739}.Debug|Any CPU.Build.0 = Debug|Any CPU
		{DC340ABB-26BB-4C1E-B1D8-1FE57E21A739}.Release|Any CPU.ActiveCfg = Release|Any CPU
		{DC340ABB-26BB-4C1E-B1D8-1FE57E21A739}.Release|Any CPU.Build.0 = Release|Any CPU
	EndGlobalSection
	GlobalSection(SolutionProperties) = preSolution
		HideSolutionNode = FALSE
	EndGlobalSection
	GlobalSection(ExtensibilityGlobals) = postSolution
		SolutionGuid = {DEA1E6EB-0D71-469B-A2FD-A1BFABE17EC9}
	EndGlobalSection
EndGlobal
